
Microsoft Visual Studio Solution File, Format Version 12.00
# Visual Studio Version 17
VisualStudioVersion = 17.5.33502.453
MinimumVisualStudioVersion = 10.0.40219.1
Project("{FAE04EC0-301F-11D3-BF4B-00C04F79EFBC}") = "VedaTextWebApi", "VedaTextWebApi\VedaTextWebApi.csproj", "{C797F0F7-F1F0-409D-8B55-D03DA6F0F716}"
EndProject
Global
	GlobalSection(SolutionConfigurationPlatforms) = preSolution
		Debug|Any CPU = Debug|Any CPU
		Release|Any CPU = Release|Any CPU
	EndGlobalSection
	GlobalSection(ProjectConfigurationPlatforms) = postSolution
		{C797F0F7-F1F0-409D-8B55-D03DA6F0F716}.Debug|Any CPU.ActiveCfg = Debug|Any CPU
		{C797F0F7-F1F0-409D-8B55-D03DA6F0F716}.Debug|Any CPU.Build.0 = Debug|Any CPU
		{C797F0F7-F1F0-409D-8B55-D03DA6F0F716}.Release|Any CPU.ActiveCfg = Release|Any CPU
		{C797F0F7-F1F0-409D-8B55-D03DA6F0F716}.Release|Any CPU.Build.0 = Release|Any CPU
	EndGlobalSection
	GlobalSection(SolutionProperties) = preSolution
		HideSolutionNode = FALSE
	EndGlobalSection
	GlobalSection(ExtensibilityGlobals) = postSolution
		SolutionGuid = {BFC6E88A-D552-425A-8ED8-BB0A1287CEE4}
	EndGlobalSection
EndGlobal
